
Microsoft Visual Studio Solution File, Format Version 12.00
# Visual Studio 15
VisualStudioVersion = 15.0.28010.2046
MinimumVisualStudioVersion = 10.0.40219.1
Project("{8BC9CEB8-8B4A-11D0-8D11-00A0C91BC942}") = "TimerPool", "TimerPool.vcxproj", "{30E33E8F-8DD6-4543-BA85-C138BCA3F1A9}"
EndProject
Global
	GlobalSection(Performance) = preSolution
		HasPerformanceSessions = true
	EndGlobalSection
	GlobalSection(SolutionConfigurationPlatforms) = preSolution
		Debug|x64 = Debug|x64
		Debug|x86 = Debug|x86
		Release|x64 = Release|x64
		Release|x86 = Release|x86
	EndGlobalSection
	GlobalSection(ProjectConfigurationPlatforms) = postSolution
		{30E33E8F-8DD6-4543-BA85-C138BCA3F1A9}.Debug|x64.ActiveCfg = Debug|x64
		{30E33E8F-8DD6-4543-BA85-C138BCA3F1A9}.Debug|x64.Build.0 = Debug|x64
		{30E33E8F-8DD6-4543-BA85-C138BCA3F1A9}.Debug|x86.ActiveCfg = Debug|Win32
		{30E33E8F-8DD6-4543-BA85-C138BCA3F1A9}.Debug|x86.Build.0 = Debug|Win32
		{30E33E8F-8DD6-4543-BA85-C138BCA3F1A9}.Release|x64.ActiveCfg = Release|x64
		{30E33E8F-8DD6-4543-BA85-C138BCA3F1A9}.Release|x64.Build.0 = Release|x64
		{30E33E8F-8DD6-4543-BA85-C138BCA3F1A9}.Release|x86.ActiveCfg = Release|Win32
		{30E33E8F-8DD6-4543-BA85-C138BCA3F1A9}.Release|x86.Build.0 = Release|Win32
	EndGlobalSection
	GlobalSection(SolutionProperties) = preSolution
		HideSolutionNode = FALSE
	EndGlobalSection
	GlobalSection(ExtensibilityGlobals) = postSolution
		SolutionGuid = {C7BE3225-7E62-4EEC-9B93-A696049BF59B}
	EndGlobalSection
	GlobalSection(Performance) = preSolution
		HasPerformanceSessions = true
	EndGlobalSection
	GlobalSection(Performance) = preSolution
		HasPerformanceSessions = true
	EndGlobalSection
	GlobalSection(Performance) = preSolution
		HasPerformanceSessions = true
	EndGlobalSection
	GlobalSection(Performance) = preSolution
		HasPerformanceSessions = true
	EndGlobalSection
EndGlobal
